
Microsoft Visual Studio Solution File, Format Version 12.00
# Visual Studio Version 16
VisualStudioVersion = 16.0.29613.14
MinimumVisualStudioVersion = 10.0.40219.1
Project("{FAE04EC0-301F-11D3-BF4B-00C04F79EFBC}") = "NuevoCrud", "NuevoCrud\NuevoCrud.csproj", "{A86399AA-1AEC-451C-A325-BEC5D76BEEDB}"
EndProject
Global
	GlobalSection(SolutionConfigurationPlatforms) = preSolution
		Debug|Any CPU = Debug|Any CPU
		Release|Any CPU = Release|Any CPU
	EndGlobalSection
	GlobalSection(ProjectConfigurationPlatforms) = postSolution
		{A86399AA-1AEC-451C-A325-BEC5D76BEEDB}.Debug|Any CPU.ActiveCfg = Debug|Any CPU
		{A86399AA-1AEC-451C-A325-BEC5D76BEEDB}.Debug|Any CPU.Build.0 = Debug|Any CPU
		{A86399AA-1AEC-451C-A325-BEC5D76BEEDB}.Release|Any CPU.ActiveCfg = Release|Any CPU
		{A86399AA-1AEC-451C-A325-BEC5D76BEEDB}.Release|Any CPU.Build.0 = Release|Any CPU
	EndGlobalSection
	GlobalSection(SolutionProperties) = preSolution
		HideSolutionNode = FALSE
	EndGlobalSection
	GlobalSection(ExtensibilityGlobals) = postSolution
		SolutionGuid = {53500EA2-4429-45FA-9CBB-FA62D176A65B}
	EndGlobalSection
EndGlobal
